# THIS IS AN AUTOGENERATED FILE. DO NOT EDIT THIS FILE DIRECTLY.
# yarn lockfile v1


"@babel/runtime@^7.20.6":
  version "7.27.1"
  resolved "https://registry.npmjs.org/@babel/runtime/-/runtime-7.27.1.tgz"
  integrity sha512-1x3D2xEk2fRo3PAhwQwu5UubzgiVWSXTBfWpVd2Mx2AzRqJuDJCsgaDVZ7HB5iGzDW1Hl1sWN2mFyKjmR9uAog==

"@strudel/core@1.2.0":
  version "1.2.0"
  resolved "https://registry.npmjs.org/@strudel/core/-/core-1.2.0.tgz"
  integrity sha512-llIeqZvhv4ufEPR04jSpfrAATbakM7u1Rv5pLJjX+xuavjoza+zoJPndqUPEee8GhpqZGwRZLVxe1KwTosl6Yg==
  dependencies:
    fraction.js "^5.2.1"

"@strudel/draw@1.2.0":
  version "1.2.0"
  resolved "https://registry.npmjs.org/@strudel/draw/-/draw-1.2.0.tgz"
  integrity sha512-mL+5JALNrSp3bv7qd/49TxW987SWgaG5MKAORVhIqy3PoOy47fFwHakv/dYFzk4wbdgHOvHzzAI9NCGIkMqz3Q==
  dependencies:
    "@strudel/core" "1.2.0"

"@strudel/mini@1.2.0":
  version "1.2.0"
  resolved "https://registry.npmjs.org/@strudel/mini/-/mini-1.2.0.tgz"
  integrity sha512-NgBY9oSMVFT1xyKNBwJO0xam6+ruqEnnHg9K6jR1ISu4rSSe/7BpKxuWlp/HsohVwSi4c/rswICBIOlJxx07+Q==
  dependencies:
    "@strudel/core" "1.2.0"

"@strudel/tonal@1.2.0":
  version "1.2.0"
  resolved "https://registry.npmjs.org/@strudel/tonal/-/tonal-1.2.0.tgz"
  integrity sha512-EjSJlcHx6CUKHdb88UjxdizCJhAMD7VhiioLZdi5A2VDYy/vFTu5UW9R/tTYVSUe4as76REVfWcKAu8ziD2/Hw==
  dependencies:
    "@strudel/core" "1.2.0"
    "@tonaljs/tonal" "^4.10.0"
    chord-voicings "^0.0.1"
    webmidi "^3.1.12"

"@strudel/transpiler@1.2.0":
  version "1.2.0"
  resolved "https://registry.npmjs.org/@strudel/transpiler/-/transpiler-1.2.0.tgz"
  integrity sha512-fxpWx7Wt3wAJlMvG3lfJNAq/xuPzf/U/QAsa/KTvFQti2UJKH7w6g7jtll74Zcl5A1FjYleUuCyXxmEzGp6k7w==
  dependencies:
    "@strudel/core" "1.2.0"
    "@strudel/mini" "1.2.0"
    acorn "^8.14.0"
    escodegen "^2.1.0"
    estree-walker "^3.0.3"

"@strudel/web@^1.2.1":
  version "1.2.1"
  resolved "https://registry.npmjs.org/@strudel/web/-/web-1.2.1.tgz"
  integrity sha512-lISEyBkIvVQW4W5mVpzsAiMMXvQHbvb5+/j8Nflujs9vCr9rqpQwOB3msC2boYLwxYcBbruYRTfdnATFcDYE5A==
  dependencies:
    "@strudel/core" "1.2.0"
    "@strudel/mini" "1.2.0"
    "@strudel/tonal" "1.2.0"
    "@strudel/transpiler" "1.2.0"
    "@strudel/webaudio" "1.2.1"

"@strudel/webaudio@1.2.1":
  version "1.2.1"
  resolved "https://registry.npmjs.org/@strudel/webaudio/-/webaudio-1.2.1.tgz"
  integrity sha512-G03CdnnnxyipU8a7Y4hIa35Xcw6DKpfjCYaBZEgOppRwZ3NgRelqF0RucNRwiyVnW33Ixg1EL5d+SqYsMrF8BQ==
  dependencies:
    "@strudel/core" "1.2.0"
    "@strudel/draw" "1.2.0"
    superdough "1.2.1"

"@tonaljs/abc-notation@^4.8.0":
  version "4.9.1"
  resolved "https://registry.npmjs.org/@tonaljs/abc-notation/-/abc-notation-4.9.1.tgz"
  integrity sha512-2fDUdPsFDdgZgyIiZCTYGKy30QiwIQxSXCSN2thGrSMXbQKCp8iTC8haStYcrA+25MPWhWlmvC/pz3tGcTNAqQ==
  dependencies:
    "@tonaljs/pitch-distance" "5.0.5"
    "@tonaljs/pitch-note" "6.1.0"

"@tonaljs/array@^4.8.0":
  version "4.8.4"
  resolved "https://registry.npmjs.org/@tonaljs/array/-/array-4.8.4.tgz"
  integrity sha512-97HVdpZy82PqNBDMM9PRSbO2DUrnxNg3++N4xqLpfby70fKHAHhTWrMXWZK+Dzs76HDPQLd+qhd4cq28eBZzjw==
  dependencies:
    "@tonaljs/pitch-note" "6.1.0"

"@tonaljs/chord-detect@^4.8.1", "@tonaljs/chord-detect@4.9.1":
  version "4.9.1"
  resolved "https://registry.npmjs.org/@tonaljs/chord-detect/-/chord-detect-4.9.1.tgz"
  integrity sha512-rV/9+R7aZ9cQorQ3jdNMMMh63onosglYZM71Q0n7KKcWMAGrxF66MzxBG82xy+w1QDMJQslB3iHfDHUiS6wRjA==
  dependencies:
    "@tonaljs/chord-type" "5.1.1"
    "@tonaljs/pcset" "4.10.1"
    "@tonaljs/pitch-note" "6.1.0"

"@tonaljs/chord-type@^4.8.0", "@tonaljs/chord-type@^4.8.2":
  version "4.8.2"
  resolved "https://registry.npmjs.org/@tonaljs/chord-type/-/chord-type-4.8.2.tgz"
  integrity sha512-GzSTjQmZjkUdPhyesFDeJbxpW8R7L/bAE34E8ApGAh9FMcKYpRdX3Tn+gkluRsXOiRMfW07p3E0Adx4bjtyN+Q==
  dependencies:
    "@tonaljs/core" "^4.8.0"
    "@tonaljs/pcset" "^4.8.2"

"@tonaljs/chord-type@5.1.1":
  version "5.1.1"
  resolved "https://registry.npmjs.org/@tonaljs/chord-type/-/chord-type-5.1.1.tgz"
  integrity sha512-ti4WzRYvvjH7to0G3zlJFq7WsjHqmcqbk8Jv98aZSR5YumLdY/ua2yOPPyoPq82n6vfgjZsacnAZ3v8/SodOcw==
  dependencies:
    "@tonaljs/pcset" "4.10.1"

"@tonaljs/chord@^4.8.0":
  version "4.10.2"
  resolved "https://registry.npmjs.org/@tonaljs/chord/-/chord-4.10.2.tgz"
  integrity sha512-Zlqtq6c6T4y+EqvwHRQp9icEjHqyniCpnIwwCFg5amgAQwXmWzarouOOSmcdJ1Is92eEvcPVuCoLiVUtajS30A==
  dependencies:
    "@tonaljs/chord-detect" "^4.8.1"
    "@tonaljs/chord-type" "^4.8.2"
    "@tonaljs/collection" "^4.8.0"
    "@tonaljs/core" "^4.10.0"
    "@tonaljs/pcset" "^4.8.2"
    "@tonaljs/scale-type" "^4.8.2"

"@tonaljs/chord@6.1.1":
  version "6.1.1"
  resolved "https://registry.npmjs.org/@tonaljs/chord/-/chord-6.1.1.tgz"
  integrity sha512-gsLyGGkOt0g5L/uF4ICpYQengahW3WAMjckyvyzvqMYpvH7fokmtcymOfbltDQzaVuYuL0TsVmbfjbah2rKEww==
  dependencies:
    "@tonaljs/chord-detect" "4.9.1"
    "@tonaljs/chord-type" "5.1.1"
    "@tonaljs/collection" "4.9.0"
    "@tonaljs/interval" "^5.1.0"
    "@tonaljs/pcset" "4.10.1"
    "@tonaljs/pitch-distance" "5.0.5"
    "@tonaljs/pitch-note" "6.1.0"
    "@tonaljs/scale-type" "4.9.1"

"@tonaljs/collection@^4.8.0", "@tonaljs/collection@4.9.0":
  version "4.9.0"
  resolved "https://registry.npmjs.org/@tonaljs/collection/-/collection-4.9.0.tgz"
  integrity sha512-Mk0h7O54nT6PgNVcUYauzxa5KOB23+0AOKudWzRH7JhJIN9vhVIC7PtwZXE+/G051UTbHSFIcN/afkgF4nB/8A==

"@tonaljs/core@^4.10.0", "@tonaljs/core@^4.8.0":
  version "4.10.4"
  resolved "https://registry.npmjs.org/@tonaljs/core/-/core-4.10.4.tgz"
  integrity sha512-PhGlQ2Js6rFQ6CufkSiBpEJoPS8QIIhbXSXhT4U+5ffqckli+YBZRN24vjZ4AEKuX8xoYDmCCbl+r6agauvzmw==
  dependencies:
    "@tonaljs/pitch" "5.0.1"
    "@tonaljs/pitch-distance" "5.0.2"
    "@tonaljs/pitch-interval" "5.0.2"
    "@tonaljs/pitch-note" "5.0.3"

"@tonaljs/duration-value@^4.8.0":
  version "4.9.0"
  resolved "https://registry.npmjs.org/@tonaljs/duration-value/-/duration-value-4.9.0.tgz"
  integrity sha512-Muz54HyIe0nMYKWx6wyTa4y17ma29DtpJF4/oqJphy6A124rAVDe/SKit8JGOvDYAQj71FUXqs17sXBxO/ExVw==

"@tonaljs/interval@^4.8.0":
  version "4.8.2"
  resolved "https://registry.npmjs.org/@tonaljs/interval/-/interval-4.8.2.tgz"
  integrity sha512-9SEuJuqFdmu9lnvMmJtxbReQcQvZ1YHXhCcxaF6Re23/w+BqiJvvkvNZhfWH+n1+g0uaSdTsuvMfamp7hAvPMw==
  dependencies:
    "@tonaljs/pitch" "^5.0.1"
    "@tonaljs/pitch-distance" "^5.0.2"
    "@tonaljs/pitch-interval" "^5.0.2"

"@tonaljs/interval@^5.1.0":
  version "5.1.0"
  resolved "https://registry.npmjs.org/@tonaljs/interval/-/interval-5.1.0.tgz"
  integrity sha512-GR9dUjn0j7yhjwjRh8HQxZYXOiVl05WfY3AFyMB9rfg807K4dSJmWfPTULPQXyHJ6NiZOPXcwRs8MxMLDxgdbg==
  dependencies:
    "@tonaljs/pitch" "^5.0.2"
    "@tonaljs/pitch-distance" "^5.0.4"
    "@tonaljs/pitch-interval" "^6.0.0"

"@tonaljs/interval@5.1.0":
  version "5.1.0"
  resolved "https://registry.npmjs.org/@tonaljs/interval/-/interval-5.1.0.tgz"
  integrity sha512-GR9dUjn0j7yhjwjRh8HQxZYXOiVl05WfY3AFyMB9rfg807K4dSJmWfPTULPQXyHJ6NiZOPXcwRs8MxMLDxgdbg==
  dependencies:
    "@tonaljs/pitch" "^5.0.2"
    "@tonaljs/pitch-distance" "^5.0.4"
    "@tonaljs/pitch-interval" "^6.0.0"

"@tonaljs/key@^4.9.0":
  version "4.11.1"
  resolved "https://registry.npmjs.org/@tonaljs/key/-/key-4.11.1.tgz"
  integrity sha512-bZGKhSR+ThYS4CHVR3gS4aVkAM9PYqQPjNvsqwSRDzpuPynuGqIJbEXxx2sTmoendSOQYQXh5OaiDCQZAbk66w==
  dependencies:
    "@tonaljs/note" "4.12.0"
    "@tonaljs/pitch-note" "6.1.0"
    "@tonaljs/roman-numeral" "4.9.1"

"@tonaljs/midi@^4.8.0", "@tonaljs/midi@4.10.1":
  version "4.10.1"
  resolved "https://registry.npmjs.org/@tonaljs/midi/-/midi-4.10.1.tgz"
  integrity sha512-8epOg4fFArpoR94fkWiPf60kPwFnTi2ZSxYTfueTVOI9l/TIaMk9oEBfw8ZKuuJygGU2LMk27/hKW2rQI5zFNg==
  dependencies:
    "@tonaljs/pitch-note" "6.1.0"

"@tonaljs/mode@^4.8.0":
  version "4.9.1"
  resolved "https://registry.npmjs.org/@tonaljs/mode/-/mode-4.9.1.tgz"
  integrity sha512-h+K7eOUKpyX7kMRCwCew6cV1oN0sZYD5LLeKD7zEERNd/6wvGBfGCdMZECGqzpFUmjUyCY87IOntem6EPbKVCg==
  dependencies:
    "@tonaljs/collection" "4.9.0"
    "@tonaljs/interval" "5.1.0"
    "@tonaljs/pcset" "4.10.1"
    "@tonaljs/pitch-distance" "5.0.5"
    "@tonaljs/pitch-note" "6.1.0"
    "@tonaljs/scale-type" "4.9.1"

"@tonaljs/note@^4.9.0", "@tonaljs/note@4.12.0":
  version "4.12.0"
  resolved "https://registry.npmjs.org/@tonaljs/note/-/note-4.12.0.tgz"
  integrity sha512-MgHeSTRldgPteucHI+gKzFkqJ8eVPHelxCNeAFr+hTryLoottr/rfqI93GeJkriH3r8jG81LQBxKRbzN4m3Qeg==
  dependencies:
    "@tonaljs/midi" "4.10.1"
    "@tonaljs/pitch" "5.0.2"
    "@tonaljs/pitch-distance" "5.0.5"
    "@tonaljs/pitch-interval" "6.1.0"
    "@tonaljs/pitch-note" "6.1.0"

"@tonaljs/pcset@^4.8.0", "@tonaljs/pcset@^4.8.2", "@tonaljs/pcset@4.10.1":
  version "4.10.1"
  resolved "https://registry.npmjs.org/@tonaljs/pcset/-/pcset-4.10.1.tgz"
  integrity sha512-CZG1rpKc38yMfpEJsbDTvsTmQqsek9xxcuMgK64Tr6sP1lEiDuZJbQeKVWWRnreBF2FQ1cEGLmfOpvSO+40csA==
  dependencies:
    "@tonaljs/collection" "4.9.0"
    "@tonaljs/pitch" "5.0.2"
    "@tonaljs/pitch-distance" "5.0.5"
    "@tonaljs/pitch-interval" "6.1.0"
    "@tonaljs/pitch-note" "6.1.0"

"@tonaljs/pitch-distance@^5.0.2", "@tonaljs/pitch-distance@^5.0.4", "@tonaljs/pitch-distance@5.0.5":
  version "5.0.5"
  resolved "https://registry.npmjs.org/@tonaljs/pitch-distance/-/pitch-distance-5.0.5.tgz"
  integrity sha512-dTfjsU0zyrj5YmiFio5prPaD5w7sBmHp4nnmlEg70nHY+SerAH0KiO9HM9usttVgRFUaXl0Gc7OI8YMGfSFmug==
  dependencies:
    "@tonaljs/pitch" "5.0.2"
    "@tonaljs/pitch-interval" "6.1.0"
    "@tonaljs/pitch-note" "6.1.0"

"@tonaljs/pitch-distance@5.0.2":
  version "5.0.2"
  resolved "https://registry.npmjs.org/@tonaljs/pitch-distance/-/pitch-distance-5.0.2.tgz"
  integrity sha512-DPxfGJCf4BvfIVRxl2v142tuCKIziM6PomOBT0/s7U5o+Z5qFAIW0tNx/MKyL83guV74p+XIf5VI0w1flmXxDA==
  dependencies:
    "@tonaljs/pitch" "5.0.1"
    "@tonaljs/pitch-interval" "5.0.2"
    "@tonaljs/pitch-note" "5.0.3"

"@tonaljs/pitch-interval@^5.0.2", "@tonaljs/pitch-interval@5.0.2":
  version "5.0.2"
  resolved "https://registry.npmjs.org/@tonaljs/pitch-interval/-/pitch-interval-5.0.2.tgz"
  integrity sha512-bQmxeenRFNuuABs9mDc+bSUp3ySGw8I49pHMoGDdCcro9n3MDN8IsSwhvKoGOYErFMx76rNn1t+7WL8ukpvX5w==
  dependencies:
    "@tonaljs/pitch" "5.0.1"

"@tonaljs/pitch-interval@^6.0.0", "@tonaljs/pitch-interval@6.1.0":
  version "6.1.0"
  resolved "https://registry.npmjs.org/@tonaljs/pitch-interval/-/pitch-interval-6.1.0.tgz"
  integrity sha512-9ZMxA7V4UgySnOKPIG6HECzhDb8mbiTCIdNNIzCIfz5XpjUmohku2YZpVVWMacLHgyeQicJzNoRiPel5oSAn4A==
  dependencies:
    "@tonaljs/pitch" "5.0.2"

"@tonaljs/pitch-note@5.0.3":
  version "5.0.3"
  resolved "https://registry.npmjs.org/@tonaljs/pitch-note/-/pitch-note-5.0.3.tgz"
  integrity sha512-JsPgqPa8VZdZtfwvgoHJz996BZqzvlnRxUF6c/Q9q8E0iq30UHBEid0Y6XldK+h6tuIENsG3a9jyvNNxRqIeYw==
  dependencies:
    "@tonaljs/pitch" "5.0.1"

"@tonaljs/pitch-note@6.1.0":
  version "6.1.0"
  resolved "https://registry.npmjs.org/@tonaljs/pitch-note/-/pitch-note-6.1.0.tgz"
  integrity sha512-A4OSLo8DjM38u73862LnDmL4YInDDRBmg0fojXcvu4cyU3oOlqndyeHOra1OVoH/WW46uNIxNs1wJDZNPWL5KQ==
  dependencies:
    "@tonaljs/pitch" "5.0.2"

"@tonaljs/pitch@^5.0.1", "@tonaljs/pitch@5.0.1":
  version "5.0.1"
  resolved "https://registry.npmjs.org/@tonaljs/pitch/-/pitch-5.0.1.tgz"
  integrity sha512-5HYkF4hGY0jS2y5V3Hf5gNFXX46kT4cAcI7JLEn+qQb9N1dU9Gz9koI9di0mD1Tbam+kviceiCsJl4WX/FqYjA==

"@tonaljs/pitch@^5.0.2", "@tonaljs/pitch@5.0.2":
  version "5.0.2"
  resolved "https://registry.npmjs.org/@tonaljs/pitch/-/pitch-5.0.2.tgz"
  integrity sha512-mxaXJPPe+LIJdjzpZEl8I8Wx3dEvlzkBbsr2Ltwc2dTAdnErAZ5R0TxVq2egF27lMvQN2QPQPWI9iDPPdVUmrg==

"@tonaljs/progression@^4.8.0":
  version "4.9.1"
  resolved "https://registry.npmjs.org/@tonaljs/progression/-/progression-4.9.1.tgz"
  integrity sha512-jHdZUNlXRmjrvbZrvjoW6syW7dO9ilhgvyouB6YuVM5lGShwTN9dsSuQYsugso9jYHkwQBgYj5SaXTTY0/0nHw==
  dependencies:
    "@tonaljs/chord" "6.1.1"
    "@tonaljs/pitch-distance" "5.0.5"
    "@tonaljs/pitch-interval" "6.1.0"
    "@tonaljs/pitch-note" "6.1.0"
    "@tonaljs/roman-numeral" "4.9.1"

"@tonaljs/range@^4.8.0":
  version "4.9.1"
  resolved "https://registry.npmjs.org/@tonaljs/range/-/range-4.9.1.tgz"
  integrity sha512-7afFvdcdseqiG/kkCL3LuOc9rTNBR4+3H5lKx9MttAHVJq8uRJMooO1GdEziQ5f7UYZPmXd17e6ZXd0AdnkXrA==
  dependencies:
    "@tonaljs/collection" "4.9.0"
    "@tonaljs/midi" "4.10.1"

"@tonaljs/roman-numeral@^4.8.0", "@tonaljs/roman-numeral@4.9.1":
  version "4.9.1"
  resolved "https://registry.npmjs.org/@tonaljs/roman-numeral/-/roman-numeral-4.9.1.tgz"
  integrity sha512-dJGKBNHdPrNTE97ZDk4t6wpNmgYcpHyLkAvWkRP9I/HsDkeTFFQqNXosYIvspPWrFySlRpeqqFwcqV74MYoOag==
  dependencies:
    "@tonaljs/pitch" "5.0.2"
    "@tonaljs/pitch-interval" "6.1.0"
    "@tonaljs/pitch-note" "6.1.0"

"@tonaljs/scale-type@^4.8.0", "@tonaljs/scale-type@^4.8.2", "@tonaljs/scale-type@4.9.1":
  version "4.9.1"
  resolved "https://registry.npmjs.org/@tonaljs/scale-type/-/scale-type-4.9.1.tgz"
  integrity sha512-Nz2wThzz5NmWNx0vazX7MqNbF8kT1g5BEcbZcWjgkc67zhwosfZE0LEn7W9XcVDEws71b8CqQqDPKUEEybC9Rw==
  dependencies:
    "@tonaljs/pcset" "4.10.1"

"@tonaljs/scale@^4.9.0":
  version "4.13.2"
  resolved "https://registry.npmjs.org/@tonaljs/scale/-/scale-4.13.2.tgz"
  integrity sha512-fL9ydv2gxqipjKI2tEo5OHHyKp/kz0d2kcDHLH8zRR5eyeiYcxL05g34fo4jKydQGWsNSrD0n/DoMTIp4yMIhQ==
  dependencies:
    "@tonaljs/chord-type" "5.1.1"
    "@tonaljs/collection" "4.9.0"
    "@tonaljs/note" "4.12.0"
    "@tonaljs/pcset" "4.10.1"
    "@tonaljs/pitch-distance" "5.0.5"
    "@tonaljs/pitch-note" "6.1.0"
    "@tonaljs/scale-type" "4.9.1"

"@tonaljs/time-signature@^4.8.0":
  version "4.9.0"
  resolved "https://registry.npmjs.org/@tonaljs/time-signature/-/time-signature-4.9.0.tgz"
  integrity sha512-zRo8CBqg/2guzTlF2vxyVIuB5gmwWQaxlknJPUSDII8CTdQ/x3a1LlNoMKkvTUnqwCihe3WrNPZ5XUfOOTthYA==

"@tonaljs/tonal@^4.10.0", "@tonaljs/tonal@^4.6.5":
  version "4.10.0"
  resolved "https://registry.npmjs.org/@tonaljs/tonal/-/tonal-4.10.0.tgz"
  integrity sha512-F2T9Fiy+j0MVped89kCrX1XF68mQOLUnny4pDOHrIf+OkrjtLQOzzaSOrX1tx0o72WUwQm1knz6D1d57b9X1HA==
  dependencies:
    "@tonaljs/abc-notation" "^4.8.0"
    "@tonaljs/array" "^4.8.0"
    "@tonaljs/chord" "^4.8.0"
    "@tonaljs/chord-type" "^4.8.0"
    "@tonaljs/collection" "^4.8.0"
    "@tonaljs/core" "^4.8.0"
    "@tonaljs/duration-value" "^4.8.0"
    "@tonaljs/interval" "^4.8.0"
    "@tonaljs/key" "^4.9.0"
    "@tonaljs/midi" "^4.8.0"
    "@tonaljs/mode" "^4.8.0"
    "@tonaljs/note" "^4.9.0"
    "@tonaljs/pcset" "^4.8.0"
    "@tonaljs/progression" "^4.8.0"
    "@tonaljs/range" "^4.8.0"
    "@tonaljs/roman-numeral" "^4.8.0"
    "@tonaljs/scale" "^4.9.0"
    "@tonaljs/scale-type" "^4.8.0"
    "@tonaljs/time-signature" "^4.8.0"

"@types/estree@^1.0.0":
  version "1.0.7"
  resolved "https://registry.npmjs.org/@types/estree/-/estree-1.0.7.tgz"
  integrity sha512-w28IoSUCJpidD/TGviZwwMJckNESJZXFu7NBZ5YJ4mEUnNraUn9Pm8HSZm/jDF1pDWYKspWE7oVphigUPRakIQ==

"@types/webmidi@^2.1.0":
  version "2.1.0"
  resolved "https://registry.npmjs.org/@types/webmidi/-/webmidi-2.1.0.tgz"
  integrity sha512-k898MjEUSHB+6rSeCPQk/kLgie0wgWZ2t78GlWj86HbTQ+XmtbBafYg5LNjn8bVHfItEhPGZPf579Xfc6keV6w==

acorn@^8.14.0:
  version "8.14.1"
  resolved "https://registry.npmjs.org/acorn/-/acorn-8.14.1.tgz"
  integrity sha512-OvQ/2pUDKmgfCg++xsTX1wGxfTaszcHVcTctW4UJB4hibJx2HXxxO5UmVgyjMa+ZDsiaf5wWLXYpRWMmBI0QHg==

chord-voicings@^0.0.1:
  version "0.0.1"
  resolved "https://registry.npmjs.org/chord-voicings/-/chord-voicings-0.0.1.tgz"
  integrity sha512-SutgB/4ynkkuiK6qdQ/k3QvCFcH0Vj8Ch4t6LbRyRQbVzP/TOztiCk3kvXd516UZ6fqk7ijDRELEFcKN+6V8sA==
  dependencies:
    "@tonaljs/tonal" "^4.6.5"

djipevents@^2.0.7:
  version "2.0.7"
  resolved "https://registry.npmjs.org/djipevents/-/djipevents-2.0.7.tgz"
  integrity sha512-KNFYaU85imxOCKOUsIR70Iz9E19r96/X7LSH+u0tSoZdpWcBdzoqtTsU+wuLhc6GMpSFob+KInkZAbfKi01Bjg==
  dependencies:
    "@babel/runtime" "^7.20.6"

escodegen@^2.1.0:
  version "2.1.0"
  resolved "https://registry.npmjs.org/escodegen/-/escodegen-2.1.0.tgz"
  integrity sha512-2NlIDTwUWJN0mRPQOdtQBzbUHvdGY2P1VXSyU83Q3xKxM7WHX2Ql8dKq782Q9TgQUNOLEzEYu9bzLNj1q88I5w==
  dependencies:
    esprima "^4.0.1"
    estraverse "^5.2.0"
    esutils "^2.0.2"
  optionalDependencies:
    source-map "~0.6.1"

esprima@^4.0.1:
  version "4.0.1"
  resolved "https://registry.npmjs.org/esprima/-/esprima-4.0.1.tgz"
  integrity sha512-eGuFFw7Upda+g4p+QHvnW0RyTX/SVeJBDM/gCtMARO0cLuT2HcEKnTPvhjV6aGeqrCB/sbNop0Kszm0jsaWU4A==

estraverse@^5.2.0:
  version "5.3.0"
  resolved "https://registry.npmjs.org/estraverse/-/estraverse-5.3.0.tgz"
  integrity sha512-MMdARuVEQziNTeJD8DgMqmhwR11BRQ/cBP+pLtYdSTnf3MIO8fFeiINEbX36ZdNlfU/7A9f3gUw49B3oQsvwBA==

estree-walker@^3.0.3:
  version "3.0.3"
  resolved "https://registry.npmjs.org/estree-walker/-/estree-walker-3.0.3.tgz"
  integrity sha512-7RUKfXgSMMkzt6ZuXmqapOurLGPPfgj6l9uRZ7lRGolvk0y2yocc35LdcxKC5PQZdn2DMqioAQ2NoWcrTKmm6g==
  dependencies:
    "@types/estree" "^1.0.0"

esutils@^2.0.2:
  version "2.0.3"
  resolved "https://registry.npmjs.org/esutils/-/esutils-2.0.3.tgz"
  integrity sha512-kVscqXk4OCp68SZ0dkgEKVi6/8ij300KBWTJq32P/dYeWTSwK41WyTxalN1eRmA5Z9UU/LX9D7FWSmV9SAYx6g==

fraction.js@^5.2.1:
  version "5.2.2"
  resolved "https://registry.npmjs.org/fraction.js/-/fraction.js-5.2.2.tgz"
  integrity sha512-uXBDv5knpYmv/2gLzWQ5mBHGBRk9wcKTeWu6GLTUEQfjCxO09uM/mHDrojlL+Q1mVGIIFo149Gba7od1XPgSzQ==

jazz-midi@^1.7.9:
  version "1.7.9"
  resolved "https://registry.npmjs.org/jazz-midi/-/jazz-midi-1.7.9.tgz"
  integrity sha512-c8c4BBgwxdsIr1iVm53nadCrtH7BUlnX3V95ciK/gbvXN/ndE5+POskBalXgqlc/r9p2XUbdLTrgrC6fou5p9w==

jzz@^1.8.5:
  version "1.9.3"
  resolved "https://registry.npmjs.org/jzz/-/jzz-1.9.3.tgz"
  integrity sha512-DXQ7xXuJzC4YxNbQZy9pfHC/DOXM6IHgceTXnkhk1/+lU/qDk8W9xUaNpgCH6t1QDQ9roz7FSVtFc0/JhYQFxg==
  dependencies:
    "@types/webmidi" "^2.1.0"
    jazz-midi "^1.7.9"

nanostores@^0.11.3:
  version "0.11.4"
  resolved "https://registry.npmjs.org/nanostores/-/nanostores-0.11.4.tgz"
  integrity sha512-k1oiVNN4hDK8NcNERSZLQiMfRzEGtfnvZvdBvey3SQbgn8Dcrk0h1I6vpxApjb10PFUflZrgJ2WEZyJQ+5v7YQ==

source-map@~0.6.1:
  version "0.6.1"
  resolved "https://registry.npmjs.org/source-map/-/source-map-0.6.1.tgz"
  integrity sha512-UjgapumWlbMhkBgzT7Ykc5YXUT46F0iKu8SGXq0bcwP5dz/h0Plj6enJqjz1Zbq2l5WaqYnrVbwWOWMyF3F47g==

superdough@1.2.1:
  version "1.2.1"
  resolved "https://registry.npmjs.org/superdough/-/superdough-1.2.1.tgz"
  integrity sha512-Dy/8R293vf3+wu2iZydEIDk9JW8PtwlOFtcV//AYn+Vao31Mqye9TrlyLtzt8Wh+AHLOGNv24ZlWTDRgYE6JvA==
  dependencies:
    nanostores "^0.11.3"

webmidi@^3.1.12:
  version "3.1.12"
  resolved "https://registry.npmjs.org/webmidi/-/webmidi-3.1.12.tgz"
  integrity sha512-X1lACggXm2BxuAPdx5wleh8S2kygduHbtR2ti5sGhivLkX6Muv/sLAYmPuIaNLOUddyxr71+3tsq8m5dKXoT4A==
  dependencies:
    djipevents "^2.0.7"
  optionalDependencies:
    jzz "^1.8.5"
